
Microsoft Visual Studio Solution File, Format Version 12.00
# Visual Studio Version 17
VisualStudioVersion = 17.2.32616.157
MinimumVisualStudioVersion = 10.0.40219.1
Project("{2150E333-8FDC-42A3-9474-1A3956D46DE8}") = "src", "src", "{A5B02186-C4F0-439E-B8AC-3A3BA0E6A16C}"
EndProject
Project("{2150E333-8FDC-42A3-9474-1A3956D46DE8}") = "ApiGateway", "ApiGateway", "{C3849115-C10C-443E-A61A-F0276E52CB53}"
EndProject
Project("{2150E333-8FDC-42A3-9474-1A3956D46DE8}") = "Services", "Services", "{6B63F3C0-C3AC-4135-A4D4-69EE01061D4D}"
EndProject
Project("{2150E333-8FDC-42A3-9474-1A3956D46DE8}") = "Common", "Common", "{684328EB-4A70-415B-ACF3-DC5548495331}"
EndProject
Project("{2150E333-8FDC-42A3-9474-1A3956D46DE8}") = "Order", "Order", "{CE169AE3-8CCB-4D06-BD97-5DBC9A775660}"
EndProject
Project("{2150E333-8FDC-42A3-9474-1A3956D46DE8}") = "Products", "Products", "{D0F43CE8-BDFB-4318-A458-3FA080B36627}"
EndProject
Project("{2150E333-8FDC-42A3-9474-1A3956D46DE8}") = "Sourcing", "Sourcing", "{AFA1A3FA-6316-46EE-9349-2ED57A82E12F}"
EndProject
Project("{9A19103F-16F7-4668-BE54-9A1E7A4F7556}") = "ESourcing-Products", "ESourcing-Products\ESourcing-Products.csproj", "{F63CA61C-2502-42F5-8D42-29C6D8F139A2}"
EndProject
Project("{E53339B2-1760-4266-BCC7-CA923CBCF16C}") = "docker-compose", "docker-compose.dcproj", "{20884D4D-678B-431D-8165-5B6B4C71A92A}"
EndProject
Project("{9A19103F-16F7-4668-BE54-9A1E7A4F7556}") = "ESourcing-Sourcing", "ESourcing-Sourcing\ESourcing-Sourcing.csproj", "{A99AB450-51C6-4757-AD50-87074292CC6B}"
EndProject
Project("{9A19103F-16F7-4668-BE54-9A1E7A4F7556}") = "EventBusRabbitMQ", "EventBusRabbitMQ\EventBusRabbitMQ.csproj", "{2D09A061-BB53-4023-9934-C59302AC832A}"
EndProject
Project("{9A19103F-16F7-4668-BE54-9A1E7A4F7556}") = "ESourcing.Order", "ESourcing.Order\ESourcing.Order.csproj", "{1A6D0451-27DA-48CA-81E0-1F0CFA1A87D1}"
EndProject
Project("{9A19103F-16F7-4668-BE54-9A1E7A4F7556}") = "Ordering.Domain", "Ordering.Domain\Ordering.Domain.csproj", "{7AE81C7B-5D67-4DCC-A58B-6680C7378D8E}"
EndProject
Project("{9A19103F-16F7-4668-BE54-9A1E7A4F7556}") = "ESourcing.Application", "ESourcing.Application\ESourcing.Application.csproj", "{9C3DBA40-EE20-4BBA-A29B-27568040E187}"
EndProject
Project("{9A19103F-16F7-4668-BE54-9A1E7A4F7556}") = "ESourcing.Infrastracture", "ESourcing.Infrastracture\ESourcing.Infrastracture.csproj", "{61036F7C-4780-4B49-A650-B610137F72BE}"
EndProject
Project("{9A19103F-16F7-4668-BE54-9A1E7A4F7556}") = "ESourcing.APIGateway", "ESourcing.APIGateway\ESourcing.APIGateway.csproj", "{C4FE24A8-7694-4200-8149-261B547EF471}"
EndProject
Project("{2150E333-8FDC-42A3-9474-1A3956D46DE8}") = "WepApp", "WepApp", "{767A4D18-0295-462D-812A-E84F440B1C95}"
EndProject
Project("{FAE04EC0-301F-11D3-BF4B-00C04F79EFBC}") = "ESourcingUI.Core", "ESourcingUI.Core\ESourcingUI.Core.csproj", "{3151A848-00C4-465D-B56C-513C9B53FB79}"
EndProject
Project("{FAE04EC0-301F-11D3-BF4B-00C04F79EFBC}") = "ESourcingUI.Infrastracture", "..\ESourcingUI.Infrastracture\ESourcingUI.Infrastracture.csproj", "{FFB4341F-B20E-406F-8834-D5B1E13707E4}"
EndProject
Project("{FAE04EC0-301F-11D3-BF4B-00C04F79EFBC}") = "ESourcing.UI", "..\ESourcing.UI\ESourcing.UI.csproj", "{E522B4E0-3A58-45D6-8FE4-A6BAC649099A}"
EndProject
Global
	GlobalSection(SolutionConfigurationPlatforms) = preSolution
		Debug|Any CPU = Debug|Any CPU
		Release|Any CPU = Release|Any CPU
	EndGlobalSection
	GlobalSection(ProjectConfigurationPlatforms) = postSolution
		{F63CA61C-2502-42F5-8D42-29C6D8F139A2}.Debug|Any CPU.ActiveCfg = Debug|Any CPU
		{F63CA61C-2502-42F5-8D42-29C6D8F139A2}.Debug|Any CPU.Build.0 = Debug|Any CPU
		{F63CA61C-2502-42F5-8D42-29C6D8F139A2}.Release|Any CPU.ActiveCfg = Release|Any CPU
		{F63CA61C-2502-42F5-8D42-29C6D8F139A2}.Release|Any CPU.Build.0 = Release|Any CPU
		{20884D4D-678B-431D-8165-5B6B4C71A92A}.Debug|Any CPU.ActiveCfg = Debug|Any CPU
		{20884D4D-678B-431D-8165-5B6B4C71A92A}.Debug|Any CPU.Build.0 = Debug|Any CPU
		{20884D4D-678B-431D-8165-5B6B4C71A92A}.Release|Any CPU.ActiveCfg = Release|Any CPU
		{20884D4D-678B-431D-8165-5B6B4C71A92A}.Release|Any CPU.Build.0 = Release|Any CPU
		{A99AB450-51C6-4757-AD50-87074292CC6B}.Debug|Any CPU.ActiveCfg = Debug|Any CPU
		{A99AB450-51C6-4757-AD50-87074292CC6B}.Debug|Any CPU.Build.0 = Debug|Any CPU
		{A99AB450-51C6-4757-AD50-87074292CC6B}.Release|Any CPU.ActiveCfg = Release|Any CPU
		{A99AB450-51C6-4757-AD50-87074292CC6B}.Release|Any CPU.Build.0 = Release|Any CPU
		{2D09A061-BB53-4023-9934-C59302AC832A}.Debug|Any CPU.ActiveCfg = Debug|Any CPU
		{2D09A061-BB53-4023-9934-C59302AC832A}.Debug|Any CPU.Build.0 = Debug|Any CPU
		{2D09A061-BB53-4023-9934-C59302AC832A}.Release|Any CPU.ActiveCfg = Release|Any CPU
		{2D09A061-BB53-4023-9934-C59302AC832A}.Release|Any CPU.Build.0 = Release|Any CPU
		{1A6D0451-27DA-48CA-81E0-1F0CFA1A87D1}.Debug|Any CPU.ActiveCfg = Debug|Any CPU
		{1A6D0451-27DA-48CA-81E0-1F0CFA1A87D1}.Debug|Any CPU.Build.0 = Debug|Any CPU
		{1A6D0451-27DA-48CA-81E0-1F0CFA1A87D1}.Release|Any CPU.ActiveCfg = Release|Any CPU
		{1A6D0451-27DA-48CA-81E0-1F0CFA1A87D1}.Release|Any CPU.Build.0 = Release|Any CPU
		{7AE81C7B-5D67-4DCC-A58B-6680C7378D8E}.Debug|Any CPU.ActiveCfg = Debug|Any CPU
		{7AE81C7B-5D67-4DCC-A58B-6680C7378D8E}.Debug|Any CPU.Build.0 = Debug|Any CPU
		{7AE81C7B-5D67-4DCC-A58B-6680C7378D8E}.Release|Any CPU.ActiveCfg = Release|Any CPU
		{7AE81C7B-5D67-4DCC-A58B-6680C7378D8E}.Release|Any CPU.Build.0 = Release|Any CPU
		{9C3DBA40-EE20-4BBA-A29B-27568040E187}.Debug|Any CPU.ActiveCfg = Debug|Any CPU
		{9C3DBA40-EE20-4BBA-A29B-27568040E187}.Debug|Any CPU.Build.0 = Debug|Any CPU
		{9C3DBA40-EE20-4BBA-A29B-27568040E187}.Release|Any CPU.ActiveCfg = Release|Any CPU
		{9C3DBA40-EE20-4BBA-A29B-27568040E187}.Release|Any CPU.Build.0 = Release|Any CPU
		{61036F7C-4780-4B49-A650-B610137F72BE}.Debug|Any CPU.ActiveCfg = Debug|Any CPU
		{61036F7C-4780-4B49-A650-B610137F72BE}.Debug|Any CPU.Build.0 = Debug|Any CPU
		{61036F7C-4780-4B49-A650-B610137F72BE}.Release|Any CPU.ActiveCfg = Release|Any CPU
		{61036F7C-4780-4B49-A650-B610137F72BE}.Release|Any CPU.Build.0 = Release|Any CPU
		{C4FE24A8-7694-4200-8149-261B547EF471}.Debug|Any CPU.ActiveCfg = Debug|Any CPU
		{C4FE24A8-7694-4200-8149-261B547EF471}.Debug|Any CPU.Build.0 = Debug|Any CPU
		{C4FE24A8-7694-4200-8149-261B547EF471}.Release|Any CPU.ActiveCfg = Release|Any CPU
		{C4FE24A8-7694-4200-8149-261B547EF471}.Release|Any CPU.Build.0 = Release|Any CPU
		{3151A848-00C4-465D-B56C-513C9B53FB79}.Debug|Any CPU.ActiveCfg = Debug|Any CPU
		{3151A848-00C4-465D-B56C-513C9B53FB79}.Debug|Any CPU.Build.0 = Debug|Any CPU
		{3151A848-00C4-465D-B56C-513C9B53FB79}.Release|Any CPU.ActiveCfg = Release|Any CPU
		{3151A848-00C4-465D-B56C-513C9B53FB79}.Release|Any CPU.Build.0 = Release|Any CPU
		{FFB4341F-B20E-406F-8834-D5B1E13707E4}.Debug|Any CPU.ActiveCfg = Debug|Any CPU
		{FFB4341F-B20E-406F-8834-D5B1E13707E4}.Debug|Any CPU.Build.0 = Debug|Any CPU
		{FFB4341F-B20E-406F-8834-D5B1E13707E4}.Release|Any CPU.ActiveCfg = Release|Any CPU
		{FFB4341F-B20E-406F-8834-D5B1E13707E4}.Release|Any CPU.Build.0 = Release|Any CPU
		{E522B4E0-3A58-45D6-8FE4-A6BAC649099A}.Debug|Any CPU.ActiveCfg = Debug|Any CPU
		{E522B4E0-3A58-45D6-8FE4-A6BAC649099A}.Debug|Any CPU.Build.0 = Debug|Any CPU
		{E522B4E0-3A58-45D6-8FE4-A6BAC649099A}.Release|Any CPU.ActiveCfg = Release|Any CPU
		{E522B4E0-3A58-45D6-8FE4-A6BAC649099A}.Release|Any CPU.Build.0 = Release|Any CPU
	EndGlobalSection
	GlobalSection(SolutionProperties) = preSolution
		HideSolutionNode = FALSE
	EndGlobalSection
	GlobalSection(NestedProjects) = preSolution
		{C3849115-C10C-443E-A61A-F0276E52CB53} = {A5B02186-C4F0-439E-B8AC-3A3BA0E6A16C}
		{6B63F3C0-C3AC-4135-A4D4-69EE01061D4D} = {A5B02186-C4F0-439E-B8AC-3A3BA0E6A16C}
		{684328EB-4A70-415B-ACF3-DC5548495331} = {6B63F3C0-C3AC-4135-A4D4-69EE01061D4D}
		{CE169AE3-8CCB-4D06-BD97-5DBC9A775660} = {6B63F3C0-C3AC-4135-A4D4-69EE01061D4D}
		{D0F43CE8-BDFB-4318-A458-3FA080B36627} = {6B63F3C0-C3AC-4135-A4D4-69EE01061D4D}
		{AFA1A3FA-6316-46EE-9349-2ED57A82E12F} = {6B63F3C0-C3AC-4135-A4D4-69EE01061D4D}
		{F63CA61C-2502-42F5-8D42-29C6D8F139A2} = {D0F43CE8-BDFB-4318-A458-3FA080B36627}
		{A99AB450-51C6-4757-AD50-87074292CC6B} = {AFA1A3FA-6316-46EE-9349-2ED57A82E12F}
		{2D09A061-BB53-4023-9934-C59302AC832A} = {684328EB-4A70-415B-ACF3-DC5548495331}
		{1A6D0451-27DA-48CA-81E0-1F0CFA1A87D1} = {CE169AE3-8CCB-4D06-BD97-5DBC9A775660}
		{7AE81C7B-5D67-4DCC-A58B-6680C7378D8E} = {CE169AE3-8CCB-4D06-BD97-5DBC9A775660}
		{9C3DBA40-EE20-4BBA-A29B-27568040E187} = {CE169AE3-8CCB-4D06-BD97-5DBC9A775660}
		{61036F7C-4780-4B49-A650-B610137F72BE} = {CE169AE3-8CCB-4D06-BD97-5DBC9A775660}
		{C4FE24A8-7694-4200-8149-261B547EF471} = {C3849115-C10C-443E-A61A-F0276E52CB53}
		{767A4D18-0295-462D-812A-E84F440B1C95} = {A5B02186-C4F0-439E-B8AC-3A3BA0E6A16C}
		{3151A848-00C4-465D-B56C-513C9B53FB79} = {767A4D18-0295-462D-812A-E84F440B1C95}
		{FFB4341F-B20E-406F-8834-D5B1E13707E4} = {767A4D18-0295-462D-812A-E84F440B1C95}
		{E522B4E0-3A58-45D6-8FE4-A6BAC649099A} = {767A4D18-0295-462D-812A-E84F440B1C95}
	EndGlobalSection
	GlobalSection(ExtensibilityGlobals) = postSolution
		SolutionGuid = {BD958B33-BBB3-4FC6-BB0E-8998CA8E24AB}
	EndGlobalSection
EndGlobal
